
Microsoft Visual Studio Solution File, Format Version 12.00
# Visual Studio Version 18
VisualStudioVersion = 18.4.11605.240
MinimumVisualStudioVersion = 10.0.40219.1
Project("{FAE04EC0-301F-11D3-BF4B-00C04F79EFBC}") = "BMI", "homework1\BMI.csproj", "{2FEE89FF-52E9-4A86-B5D5-F99A291A59F3}"
EndProject
Global
	GlobalSection(SolutionConfigurationPlatforms) = preSolution
		Debug|Any CPU = Debug|Any CPU
		Release|Any CPU = Release|Any CPU
	EndGlobalSection
	GlobalSection(ProjectConfigurationPlatforms) = postSolution
		{2FEE89FF-52E9-4A86-B5D5-F99A291A59F3}.Debug|Any CPU.ActiveCfg = Debug|Any CPU
		{2FEE89FF-52E9-4A86-B5D5-F99A291A59F3}.Debug|Any CPU.Build.0 = Debug|Any CPU
		{2FEE89FF-52E9-4A86-B5D5-F99A291A59F3}.Release|Any CPU.ActiveCfg = Release|Any CPU
		{2FEE89FF-52E9-4A86-B5D5-F99A291A59F3}.Release|Any CPU.Build.0 = Release|Any CPU
	EndGlobalSection
	GlobalSection(SolutionProperties) = preSolution
		HideSolutionNode = FALSE
	EndGlobalSection
	GlobalSection(ExtensibilityGlobals) = postSolution
		SolutionGuid = {82B8D007-8E2D-4CF5-8F0C-D3567A42370E}
	EndGlobalSection
EndGlobal
